// !$*UTF8*$!
{
	archiveVersion = 1;
	classes = {
	};
	objectVersion = 46;
	objects = {

/* Begin PBXBuildFile section */
		2702A3351A66C3D200F36A85 /* main.m in Sources */ = {isa = PBXBuildFile; fileRef = 2702A3341A66C3D200F36A85 /* main.m */; };
		2702A3381A66C3D200F36A85 /* AppDelegate.m in Sources */ = {isa = PBXBuildFile; fileRef = 2702A3371A66C3D200F36A85 /* AppDelegate.m */; };
		2702A3411A66C3D200F36A85 /* Main.storyboard in Resources */ = {isa = PBXBuildFile; fileRef = 2702A33F1A66C3D200F36A85 /* Main.storyboard */; };
		2702A3431A66C3D200F36A85 /* Images.xcassets in Resources */ = {isa = PBXBuildFile; fileRef = 2702A3421A66C3D200F36A85 /* Images.xcassets */; };
		2702A3461A66C3D200F36A85 /* LaunchScreen.xib in Resources */ = {isa = PBXBuildFile; fileRef = 2702A3441A66C3D200F36A85 /* LaunchScreen.xib */; };
		2702A3521A66C3D200F36A85 /* myVultrTests.m in Sources */ = {isa = PBXBuildFile; fileRef = 2702A3511A66C3D200F36A85 /* myVultrTests.m */; };
		27392EDC1A67F173000FE533 /* Vultr.m in Sources */ = {isa = PBXBuildFile; fileRef = 27392EDB1A67F173000FE533 /* Vultr.m */; };
		2754070A1A7A811A00EED5FD /* Server.m in Sources */ = {isa = PBXBuildFile; fileRef = 275407091A7A811A00EED5FD /* Server.m */; };
		2755836F1AEE881D000A22ED /* Icon-76.png in Resources */ = {isa = PBXBuildFile; fileRef = 275583651AEE881D000A22ED /* Icon-76.png */; };
		275583701AEE881D000A22ED /* Icon-76@2x.png in Resources */ = {isa = PBXBuildFile; fileRef = 275583661AEE881D000A22ED /* Icon-76@2x.png */; };
		275583711AEE881D000A22ED /* icon@1024x1024.png in Resources */ = {isa = PBXBuildFile; fileRef = 275583671AEE881D000A22ED /* icon@1024x1024.png */; };
		275583741AEE881D000A22ED /* launch750x1334.png in Resources */ = {isa = PBXBuildFile; fileRef = 2755836A1AEE881D000A22ED /* launch750x1334.png */; };
		275583751AEE881D000A22ED /* launch1242x2208.png in Resources */ = {isa = PBXBuildFile; fileRef = 2755836B1AEE881D000A22ED /* launch1242x2208.png */; };
		27A228501AEF572700D4322F /* launch320x568.png in Resources */ = {isa = PBXBuildFile; fileRef = 27A2284F1AEF572700D4322F /* launch320x568.png */; };
		27BD0E5F1AEA0F2C00BC2638 /* DataModel.xcdatamodeld in Sources */ = {isa = PBXBuildFile; fileRef = 27BD0E5D1AEA0F2C00BC2638 /* DataModel.xcdatamodeld */; };
		27BD0E621AEBE12C00BC2638 /* ServerRepository.m in Sources */ = {isa = PBXBuildFile; fileRef = 27BD0E611AEBE12C00BC2638 /* ServerRepository.m */; };
		27BD0E661AEBE76400BC2638 /* AccountRepository.m in Sources */ = {isa = PBXBuildFile; fileRef = 27BD0E651AEBE76400BC2638 /* AccountRepository.m */; };
		27BD0E6A1AEBE79700BC2638 /* Repository.m in Sources */ = {isa = PBXBuildFile; fileRef = 27BD0E691AEBE79700BC2638 /* Repository.m */; };
		27BD0E731AEC6A9200BC2638 /* ServerDetailsTableViewController.m in Sources */ = {isa = PBXBuildFile; fileRef = 27BD0E721AEC6A9200BC2638 /* ServerDetailsTableViewController.m */; };
		27BD0E761AEC6D8B00BC2638 /* SignInViewController.m in Sources */ = {isa = PBXBuildFile; fileRef = 27BD0E751AEC6D8B00BC2638 /* SignInViewController.m */; };
		27BD0E7C1AEC7F2C00BC2638 /* PreferencesTableViewController.m in Sources */ = {isa = PBXBuildFile; fileRef = 27BD0E7B1AEC7F2C00BC2638 /* PreferencesTableViewController.m */; };
		27BD0E801AEC8FDD00BC2638 /* icon_270.png in Resources */ = {isa = PBXBuildFile; fileRef = 27BD0E7E1AEC8FDD00BC2638 /* icon_270.png */; };
		27BD0E811AEC8FDD00BC2638 /* icon_273.png in Resources */ = {isa = PBXBuildFile; fileRef = 27BD0E7F1AEC8FDD00BC2638 /* icon_273.png */; };
		27BD0E861AECBDCF00BC2638 /* flower.jpg in Resources */ = {isa = PBXBuildFile; fileRef = 27BD0E851AECBDCF00BC2638 /* flower.jpg */; };
		27BD0E8B1AECCB5500BC2638 /* icon.png in Resources */ = {isa = PBXBuildFile; fileRef = 27BD0E891AECCB5500BC2638 /* icon.png */; };
		27BD0E8C1AECCB5500BC2638 /* icon@2x.png in Resources */ = {isa = PBXBuildFile; fileRef = 27BD0E8A1AECCB5500BC2638 /* icon@2x.png */; };
		27BD0E8E1AECCC9400BC2638 /* icon@3x.png in Resources */ = {isa = PBXBuildFile; fileRef = 27BD0E8D1AECCC9400BC2638 /* icon@3x.png */; };
		27E556D11A67F6F000B504B2 /* Account.m in Sources */ = {isa = PBXBuildFile; fileRef = 27E556D01A67F6F000B504B2 /* Account.m */; };
		27E556D61A67F8C800B504B2 /* AccountTableViewController.m in Sources */ = {isa = PBXBuildFile; fileRef = 27E556D51A67F8C800B504B2 /* AccountTableViewController.m */; };
		27EA3ACD1AE95B1E00D06AEE /* BalanceView.xib in Resources */ = {isa = PBXBuildFile; fileRef = 27EA3ACC1AE95B1E00D06AEE /* BalanceView.xib */; };
		27EA3AD11AE95BEC00D06AEE /* BalanceView.m in Sources */ = {isa = PBXBuildFile; fileRef = 27EA3AD01AE95BEC00D06AEE /* BalanceView.m */; };
		3053362ADB7A5261B8688668 /* libPods.a in Frameworks */ = {isa = PBXBuildFile; fileRef = 01865DD458A1EDDEF0A730A4 /* libPods.a */; };
		F14B9CB01AEEC2D600EE8963 /* launch640x1136.png in Resources */ = {isa = PBXBuildFile; fileRef = F14B9CAF1AEEC2D600EE8963 /* launch640x1136.png */; };
		F14B9D121AEEFFD400EE8963 /* launch640x960.png in Resources */ = {isa = PBXBuildFile; fileRef = F14B9D111AEEFFD400EE8963 /* launch640x960.png */; };
/* End PBXBuildFile section */

/* Begin PBXContainerItemProxy section */
		2702A34C1A66C3D200F36A85 /* PBXContainerItemProxy */ = {
			isa = PBXContainerItemProxy;
			containerPortal = 2702A3271A66C3D200F36A85 /* Project object */;
			proxyType = 1;
			remoteGlobalIDString = 2702A32E1A66C3D200F36A85;
			remoteInfo = myVultr;
		};
/* End PBXContainerItemProxy section */

/* Begin PBXFileReference section */
		01865DD458A1EDDEF0A730A4 /* libPods.a */ = {isa = PBXFileReference; explicitFileType = archive.ar; includeInIndex = 0; path = libPods.a; sourceTree = BUILT_PRODUCTS_DIR; };
		2702A32F1A66C3D200F36A85 /* myVultr.app */ = {isa = PBXFileReference; explicitFileType = wrapper.application; includeInIndex = 0; path = myVultr.app; sourceTree = BUILT_PRODUCTS_DIR; };
		2702A3331A66C3D200F36A85 /* Info.plist */ = {isa = PBXFileReference; lastKnownFileType = text.plist.xml; path = Info.plist; sourceTree = "<group>"; };
		2702A3341A66C3D200F36A85 /* main.m */ = {isa = PBXFileReference; lastKnownFileType = sourcecode.c.objc; path = main.m; sourceTree = "<group>"; };
		2702A3361A66C3D200F36A85 /* AppDelegate.h */ = {isa = PBXFileReference; lastKnownFileType = sourcecode.c.h; path = AppDelegate.h; sourceTree = "<group>"; };
		2702A3371A66C3D200F36A85 /* AppDelegate.m */ = {isa = PBXFileReference; lastKnownFileType = sourcecode.c.objc; path = AppDelegate.m; sourceTree = "<group>"; };
		2702A3401A66C3D200F36A85 /* Base */ = {isa = PBXFileReference; lastKnownFileType = file.storyboard; name = Base; path = Base.lproj/Main.storyboard; sourceTree = "<group>"; };
		2702A3421A66C3D200F36A85 /* Images.xcassets */ = {isa = PBXFileReference; lastKnownFileType = folder.assetcatalog; path = Images.xcassets; sourceTree = "<group>"; };
		2702A3451A66C3D200F36A85 /* Base */ = {isa = PBXFileReference; lastKnownFileType = file.xib; name = Base; path = Base.lproj/LaunchScreen.xib; sourceTree = "<group>"; };
		2702A34B1A66C3D200F36A85 /* myVultrTests.xctest */ = {isa = PBXFileReference; explicitFileType = wrapper.cfbundle; includeInIndex = 0; path = myVultrTests.xctest; sourceTree = BUILT_PRODUCTS_DIR; };
		2702A3501A66C3D200F36A85 /* Info.plist */ = {isa = PBXFileReference; lastKnownFileType = text.plist.xml; path = Info.plist; sourceTree = "<group>"; };
		2702A3511A66C3D200F36A85 /* myVultrTests.m */ = {isa = PBXFileReference; lastKnownFileType = sourcecode.c.objc; path = myVultrTests.m; sourceTree = "<group>"; };
		27392EDB1A67F173000FE533 /* Vultr.m */ = {isa = PBXFileReference; fileEncoding = 4; lastKnownFileType = sourcecode.c.objc; path = Vultr.m; sourceTree = "<group>"; };
		27392EE01A67F1F7000FE533 /* Vultr.h */ = {isa = PBXFileReference; fileEncoding = 4; lastKnownFileType = sourcecode.c.h; path = Vultr.h; sourceTree = "<group>"; };
		275407091A7A811A00EED5FD /* Server.m */ = {isa = PBXFileReference; fileEncoding = 4; lastKnownFileType = sourcecode.c.objc; path = Server.m; sourceTree = "<group>"; };
		2754070B1A7A812A00EED5FD /* Server.h */ = {isa = PBXFileReference; lastKnownFileType = sourcecode.c.h; path = Server.h; sourceTree = "<group>"; };
		275583651AEE881D000A22ED /* Icon-76.png */ = {isa = PBXFileReference; lastKnownFileType = image.png; path = "Icon-76.png"; sourceTree = "<group>"; };
		275583661AEE881D000A22ED /* Icon-76@2x.png */ = {isa = PBXFileReference; lastKnownFileType = image.png; path = "Icon-76@2x.png"; sourceTree = "<group>"; };
		275583671AEE881D000A22ED /* icon@1024x1024.png */ = {isa = PBXFileReference; lastKnownFileType = image.png; path = "icon@1024x1024.png"; sourceTree = "<group>"; };
		2755836A1AEE881D000A22ED /* launch750x1334.png */ = {isa = PBXFileReference; lastKnownFileType = image.png; path = launch750x1334.png; sourceTree = "<group>"; };
		2755836B1AEE881D000A22ED /* launch1242x2208.png */ = {isa = PBXFileReference; lastKnownFileType = image.png; path = launch1242x2208.png; sourceTree = "<group>"; };
		27A2284F1AEF572700D4322F /* launch320x568.png */ = {isa = PBXFileReference; lastKnownFileType = image.png; path = launch320x568.png; sourceTree = "<group>"; };
		27BD0E5E1AEA0F2C00BC2638 /* DataModel.xcdatamodel */ = {isa = PBXFileReference; lastKnownFileType = wrapper.xcdatamodel; path = DataModel.xcdatamodel; sourceTree = "<group>"; };
		27BD0E611AEBE12C00BC2638 /* ServerRepository.m */ = {isa = PBXFileReference; fileEncoding = 4; lastKnownFileType = sourcecode.c.objc; name = ServerRepository.m; path = Repositories/ServerRepository.m; sourceTree = "<group>"; };
		27BD0E641AEBE16C00BC2638 /* ServerRepository.h */ = {isa = PBXFileReference; fileEncoding = 4; lastKnownFileType = sourcecode.c.h; name = ServerRepository.h; path = Repositories/ServerRepository.h; sourceTree = "<group>"; };
		27BD0E651AEBE76400BC2638 /* AccountRepository.m */ = {isa = PBXFileReference; fileEncoding = 4; lastKnownFileType = sourcecode.c.objc; name = AccountRepository.m; path = Repositories/AccountRepository.m; sourceTree = "<group>"; };
		27BD0E671AEBE77300BC2638 /* AccountRepository.h */ = {isa = PBXFileReference; lastKnownFileType = sourcecode.c.h; name = AccountRepository.h; path = Repositories/AccountRepository.h; sourceTree = "<group>"; };
		27BD0E681AEBE78700BC2638 /* Repository.h */ = {isa = PBXFileReference; lastKnownFileType = sourcecode.c.h; name = Repository.h; path = Repositories/Repository.h; sourceTree = "<group>"; };
		27BD0E691AEBE79700BC2638 /* Repository.m */ = {isa = PBXFileReference; fileEncoding = 4; lastKnownFileType = sourcecode.c.objc; name = Repository.m; path = Repositories/Repository.m; sourceTree = "<group>"; };
		27BD0E711AEC6A9200BC2638 /* ServerDetailsTableViewController.h */ = {isa = PBXFileReference; fileEncoding = 4; lastKnownFileType = sourcecode.c.h; name = ServerDetailsTableViewController.h; path = Controllers/ServerDetailsTableViewController.h; sourceTree = "<group>"; };
		27BD0E721AEC6A9200BC2638 /* ServerDetailsTableViewController.m */ = {isa = PBXFileReference; fileEncoding = 4; lastKnownFileType = sourcecode.c.objc; name = ServerDetailsTableViewController.m; path = Controllers/ServerDetailsTableViewController.m; sourceTree = "<group>"; };
		27BD0E741AEC6D8B00BC2638 /* SignInViewController.h */ = {isa = PBXFileReference; fileEncoding = 4; lastKnownFileType = sourcecode.c.h; name = SignInViewController.h; path = Controllers/SignInViewController.h; sourceTree = "<group>"; };
		27BD0E751AEC6D8B00BC2638 /* SignInViewController.m */ = {isa = PBXFileReference; fileEncoding = 4; lastKnownFileType = sourcecode.c.objc; name = SignInViewController.m; path = Controllers/SignInViewController.m; sourceTree = "<group>"; };
		27BD0E7A1AEC7F2C00BC2638 /* PreferencesTableViewController.h */ = {isa = PBXFileReference; fileEncoding = 4; lastKnownFileType = sourcecode.c.h; name = PreferencesTableViewController.h; path = Controllers/PreferencesTableViewController.h; sourceTree = "<group>"; };
		27BD0E7B1AEC7F2C00BC2638 /* PreferencesTableViewController.m */ = {isa = PBXFileReference; fileEncoding = 4; lastKnownFileType = sourcecode.c.objc; name = PreferencesTableViewController.m; path = Controllers/PreferencesTableViewController.m; sourceTree = "<group>"; };
		27BD0E7E1AEC8FDD00BC2638 /* icon_270.png */ = {isa = PBXFileReference; lastKnownFileType = image.png; path = icon_270.png; sourceTree = "<group>"; };
		27BD0E7F1AEC8FDD00BC2638 /* icon_273.png */ = {isa = PBXFileReference; lastKnownFileType = image.png; path = icon_273.png; sourceTree = "<group>"; };
		27BD0E821AECB18500BC2638 /* myMacro.h */ = {isa = PBXFileReference; lastKnownFileType = sourcecode.c.h; path = myMacro.h; sourceTree = "<group>"; };
		27BD0E851AECBDCF00BC2638 /* flower.jpg */ = {isa = PBXFileReference; lastKnownFileType = image.jpeg; path = flower.jpg; sourceTree = "<group>"; };
		27BD0E891AECCB5500BC2638 /* icon.png */ = {isa = PBXFileReference; lastKnownFileType = image.png; path = icon.png; sourceTree = "<group>"; };
		27BD0E8A1AECCB5500BC2638 /* icon@2x.png */ = {isa = PBXFileReference; lastKnownFileType = image.png; path = "icon@2x.png"; sourceTree = "<group>"; };
		27BD0E8D1AECCC9400BC2638 /* icon@3x.png */ = {isa = PBXFileReference; lastKnownFileType = image.png; path = "icon@3x.png"; sourceTree = "<group>"; };
		27E556D01A67F6F000B504B2 /* Account.m */ = {isa = PBXFileReference; fileEncoding = 4; lastKnownFileType = sourcecode.c.objc; path = Account.m; sourceTree = "<group>"; };
		27E556D21A67F74000B504B2 /* Account.h */ = {isa = PBXFileReference; lastKnownFileType = sourcecode.c.h; path = Account.h; sourceTree = "<group>"; };
		27E556D41A67F8C800B504B2 /* AccountTableViewController.h */ = {isa = PBXFileReference; fileEncoding = 4; lastKnownFileType = sourcecode.c.h; name = AccountTableViewController.h; path = Controllers/AccountTableViewController.h; sourceTree = "<group>"; };
		27E556D51A67F8C800B504B2 /* AccountTableViewController.m */ = {isa = PBXFileReference; fileEncoding = 4; lastKnownFileType = sourcecode.c.objc; name = AccountTableViewController.m; path = Controllers/AccountTableViewController.m; sourceTree = "<group>"; };
		27EA3ACC1AE95B1E00D06AEE /* BalanceView.xib */ = {isa = PBXFileReference; fileEncoding = 4; lastKnownFileType = file.xib; name = BalanceView.xib; path = Views/BalanceView.xib; sourceTree = "<group>"; };
		27EA3ACF1AE95BEC00D06AEE /* BalanceView.h */ = {isa = PBXFileReference; fileEncoding = 4; lastKnownFileType = sourcecode.c.h; name = BalanceView.h; path = Views/BalanceView.h; sourceTree = "<group>"; };
		27EA3AD01AE95BEC00D06AEE /* BalanceView.m */ = {isa = PBXFileReference; fileEncoding = 4; lastKnownFileType = sourcecode.c.objc; name = BalanceView.m; path = Views/BalanceView.m; sourceTree = "<group>"; };
		46CB5005AB58AC4B7F29F9B6 /* Pods.debug.xcconfig */ = {isa = PBXFileReference; includeInIndex = 1; lastKnownFileType = text.xcconfig; name = Pods.debug.xcconfig; path = "Pods/Target Support Files/Pods/Pods.debug.xcconfig"; sourceTree = "<group>"; };
		B1A96E54A0DCF2965D42D521 /* Pods.release.xcconfig */ = {isa = PBXFileReference; includeInIndex = 1; lastKnownFileType = text.xcconfig; name = Pods.release.xcconfig; path = "Pods/Target Support Files/Pods/Pods.release.xcconfig"; sourceTree = "<group>"; };
		F14B9CAF1AEEC2D600EE8963 /* launch640x1136.png */ = {isa = PBXFileReference; lastKnownFileType = image.png; path = launch640x1136.png; sourceTree = "<group>"; };
		F14B9D111AEEFFD400EE8963 /* launch640x960.png */ = {isa = PBXFileReference; lastKnownFileType = image.png; path = launch640x960.png; sourceTree = "<group>"; };
/* End PBXFileReference section */

/* Begin PBXFrameworksBuildPhase section */
		2702A32C1A66C3D200F36A85 /* Frameworks */ = {
			isa = PBXFrameworksBuildPhase;
			buildActionMask = 2147483647;
			files = (
				3053362ADB7A5261B8688668 /* libPods.a in Frameworks */,
			);
			runOnlyForDeploymentPostprocessing = 0;
		};
		2702A3481A66C3D200F36A85 /* Frameworks */ = {
			isa = PBXFrameworksBuildPhase;
			buildActionMask = 2147483647;
			files = (
			);
			runOnlyForDeploymentPostprocessing = 0;
		};
/* End PBXFrameworksBuildPhase section */

/* Begin PBXGroup section */
		2702A3261A66C3D200F36A85 = {
			isa = PBXGroup;
			children = (
				2702A3311A66C3D200F36A85 /* myVultr */,
				2702A34E1A66C3D200F36A85 /* myVultrTests */,
				2702A3301A66C3D200F36A85 /* Products */,
				3BDE725EFE6B9DA0052252B6 /* Pods */,
				F2ECA757A0B7888F432DA9A9 /* Frameworks */,
			);
			sourceTree = "<group>";
		};
		2702A3301A66C3D200F36A85 /* Products */ = {
			isa = PBXGroup;
			children = (
				2702A32F1A66C3D200F36A85 /* myVultr.app */,
				2702A34B1A66C3D200F36A85 /* myVultrTests.xctest */,
			);
			name = Products;
			sourceTree = "<group>";
		};
		2702A3311A66C3D200F36A85 /* myVultr */ = {
			isa = PBXGroup;
			children = (
				27BD0E7D1AEC8FDD00BC2638 /* Resources */,
				27E556D31A67F8BD00B504B2 /* Controllers */,
				2702A3361A66C3D200F36A85 /* AppDelegate.h */,
				2702A3371A66C3D200F36A85 /* AppDelegate.m */,
				2702A33F1A66C3D200F36A85 /* Main.storyboard */,
				2702A3421A66C3D200F36A85 /* Images.xcassets */,
				2702A3441A66C3D200F36A85 /* LaunchScreen.xib */,
				2702A3321A66C3D200F36A85 /* Supporting Files */,
				27392EDD1A67F184000FE533 /* Models */,
				27EA3ACE1AE95B2B00D06AEE /* Views */,
				27BD0E601AEA0F3000BC2638 /* DataModels */,
				27BD0E631AEBE13300BC2638 /* Repositories */,
				27BD0E821AECB18500BC2638 /* myMacro.h */,
			);
			path = myVultr;
			sourceTree = "<group>";
		};
		2702A3321A66C3D200F36A85 /* Supporting Files */ = {
			isa = PBXGroup;
			children = (
				2702A3331A66C3D200F36A85 /* Info.plist */,
				2702A3341A66C3D200F36A85 /* main.m */,
			);
			name = "Supporting Files";
			sourceTree = "<group>";
		};
		2702A34E1A66C3D200F36A85 /* myVultrTests */ = {
			isa = PBXGroup;
			children = (
				2702A3511A66C3D200F36A85 /* myVultrTests.m */,
				2702A34F1A66C3D200F36A85 /* Supporting Files */,
			);
			path = myVultrTests;
			sourceTree = "<group>";
		};
		2702A34F1A66C3D200F36A85 /* Supporting Files */ = {
			isa = PBXGroup;
			children = (
				2702A3501A66C3D200F36A85 /* Info.plist */,
			);
			name = "Supporting Files";
			sourceTree = "<group>";
		};
		27392EDD1A67F184000FE533 /* Models */ = {
			isa = PBXGroup;
			children = (
				27392EDB1A67F173000FE533 /* Vultr.m */,
				27392EE01A67F1F7000FE533 /* Vultr.h */,
				27E556D01A67F6F000B504B2 /* Account.m */,
				27E556D21A67F74000B504B2 /* Account.h */,
				275407091A7A811A00EED5FD /* Server.m */,
				2754070B1A7A812A00EED5FD /* Server.h */,
			);
			path = Models;
			sourceTree = "<group>";
		};
		27BD0E601AEA0F3000BC2638 /* DataModels */ = {
			isa = PBXGroup;
			children = (
				27BD0E5D1AEA0F2C00BC2638 /* DataModel.xcdatamodeld */,
			);
			name = DataModels;
			sourceTree = "<group>";
		};
		27BD0E631AEBE13300BC2638 /* Repositories */ = {
			isa = PBXGroup;
			children = (
				27BD0E611AEBE12C00BC2638 /* ServerRepository.m */,
				27BD0E641AEBE16C00BC2638 /* ServerRepository.h */,
				27BD0E651AEBE76400BC2638 /* AccountRepository.m */,
				27BD0E671AEBE77300BC2638 /* AccountRepository.h */,
				27BD0E681AEBE78700BC2638 /* Repository.h */,
				27BD0E691AEBE79700BC2638 /* Repository.m */,
			);
			name = Repositories;
			sourceTree = "<group>";
		};
		27BD0E7D1AEC8FDD00BC2638 /* Resources */ = {
			isa = PBXGroup;
			children = (
				275583651AEE881D000A22ED /* Icon-76.png */,
				275583661AEE881D000A22ED /* Icon-76@2x.png */,
				275583671AEE881D000A22ED /* icon@1024x1024.png */,
				F14B9D111AEEFFD400EE8963 /* launch640x960.png */,
				F14B9CAF1AEEC2D600EE8963 /* launch640x1136.png */,
				2755836A1AEE881D000A22ED /* launch750x1334.png */,
				2755836B1AEE881D000A22ED /* launch1242x2208.png */,
				27BD0E8D1AECCC9400BC2638 /* icon@3x.png */,
				27BD0E891AECCB5500BC2638 /* icon.png */,
				27BD0E8A1AECCB5500BC2638 /* icon@2x.png */,
				27BD0E851AECBDCF00BC2638 /* flower.jpg */,
				27BD0E7E1AEC8FDD00BC2638 /* icon_270.png */,
				27BD0E7F1AEC8FDD00BC2638 /* icon_273.png */,
			);
			path = Resources;
			sourceTree = "<group>";
		};
		27E556D31A67F8BD00B504B2 /* Controllers */ = {
			isa = PBXGroup;
			children = (
				27E556D41A67F8C800B504B2 /* AccountTableViewController.h */,
				27E556D51A67F8C800B504B2 /* AccountTableViewController.m */,
				27BD0E711AEC6A9200BC2638 /* ServerDetailsTableViewController.h */,
				27BD0E721AEC6A9200BC2638 /* ServerDetailsTableViewController.m */,
				27BD0E741AEC6D8B00BC2638 /* SignInViewController.h */,
				27BD0E751AEC6D8B00BC2638 /* SignInViewController.m */,
				27BD0E7A1AEC7F2C00BC2638 /* PreferencesTableViewController.h */,
				27BD0E7B1AEC7F2C00BC2638 /* PreferencesTableViewController.m */,
			);
			name = Controllers;
			sourceTree = "<group>";
		};
		27EA3ACE1AE95B2B00D06AEE /* Views */ = {
			isa = PBXGroup;
			children = (
				27EA3ACC1AE95B1E00D06AEE /* BalanceView.xib */,
				27EA3ACF1AE95BEC00D06AEE /* BalanceView.h */,
				27EA3AD01AE95BEC00D06AEE /* BalanceView.m */,
			);
			name = Views;
			sourceTree = "<group>";
		};
		3BDE725EFE6B9DA0052252B6 /* Pods */ = {
			isa = PBXGroup;
			children = (
				46CB5005AB58AC4B7F29F9B6 /* Pods.debug.xcconfig */,
				B1A96E54A0DCF2965D42D521 /* Pods.release.xcconfig */,
			);
			name = Pods;
			sourceTree = "<group>";
		};
		F2ECA757A0B7888F432DA9A9 /* Frameworks */ = {
			isa = PBXGroup;
			children = (
				01865DD458A1EDDEF0A730A4 /* libPods.a */,
			);
			name = Frameworks;
			sourceTree = "<group>";
		};
/* End PBXGroup section */

/* Begin PBXNativeTarget section */
		2702A32E1A66C3D200F36A85 /* myVultr */ = {
			isa = PBXNativeTarget;
			buildConfigurationList = 2702A3551A66C3D200F36A85 /* Build configuration list for PBXNativeTarget "myVultr" */;
			buildPhases = (
				AE7D1393CA14A7EFC00E80DA /* Check Pods Manifest.lock */,
				2702A32B1A66C3D200F36A85 /* Sources */,
				2702A32C1A66C3D200F36A85 /* Frameworks */,
				2702A32D1A66C3D200F36A85 /* Resources */,
				1E05F932B49BC119FCDDAABF /* Copy Pods Resources */,
			);
			buildRules = (
			);
			dependencies = (
			);
			name = myVultr;
			productName = myVultr;
			productReference = 2702A32F1A66C3D200F36A85 /* myVultr.app */;
			productType = "com.apple.product-type.application";
		};
		2702A34A1A66C3D200F36A85 /* myVultrTests */ = {
			isa = PBXNativeTarget;
			buildConfigurationList = 2702A3581A66C3D200F36A85 /* Build configuration list for PBXNativeTarget "myVultrTests" */;
			buildPhases = (
				2702A3471A66C3D200F36A85 /* Sources */,
				2702A3481A66C3D200F36A85 /* Frameworks */,
				2702A3491A66C3D200F36A85 /* Resources */,
			);
			buildRules = (
			);
			dependencies = (
				2702A34D1A66C3D200F36A85 /* PBXTargetDependency */,
			);
			name = myVultrTests;
			productName = myVultrTests;
			productReference = 2702A34B1A66C3D200F36A85 /* myVultrTests.xctest */;
			productType = "com.apple.product-type.bundle.unit-test";
		};
/* End PBXNativeTarget section */

/* Begin PBXProject section */
		2702A3271A66C3D200F36A85 /* Project object */ = {
			isa = PBXProject;
			attributes = {
				LastUpgradeCheck = 0610;
				ORGANIZATIONNAME = nextcloudmedia;
				TargetAttributes = {
					2702A32E1A66C3D200F36A85 = {
						CreatedOnToolsVersion = 6.1;
						DevelopmentTeam = GDAXAQ2LJU;
					};
					2702A34A1A66C3D200F36A85 = {
						CreatedOnToolsVersion = 6.1;
						TestTargetID = 2702A32E1A66C3D200F36A85;
					};
				};
			};
			buildConfigurationList = 2702A32A1A66C3D200F36A85 /* Build configuration list for PBXProject "myVultr" */;
			compatibilityVersion = "Xcode 3.2";
			developmentRegion = English;
			hasScannedForEncodings = 0;
			knownRegions = (
				en,
				Base,
			);
			mainGroup = 2702A3261A66C3D200F36A85;
			productRefGroup = 2702A3301A66C3D200F36A85 /* Products */;
			projectDirPath = "";
			projectRoot = "";
			targets = (
				2702A32E1A66C3D200F36A85 /* myVultr */,
				2702A34A1A66C3D200F36A85 /* myVultrTests */,
			);
		};
/* End PBXProject section */

/* Begin PBXResourcesBuildPhase section */
		2702A32D1A66C3D200F36A85 /* Resources */ = {
			isa = PBXResourcesBuildPhase;
			buildActionMask = 2147483647;
			files = (
				2755836F1AEE881D000A22ED /* Icon-76.png in Resources */,
				2702A3411A66C3D200F36A85 /* Main.storyboard in Resources */,
				27BD0E8E1AECCC9400BC2638 /* icon@3x.png in Resources */,
				275583751AEE881D000A22ED /* launch1242x2208.png in Resources */,
				27BD0E8B1AECCB5500BC2638 /* icon.png in Resources */,
				27BD0E811AEC8FDD00BC2638 /* icon_273.png in Resources */,
				275583711AEE881D000A22ED /* icon@1024x1024.png in Resources */,
				27BD0E801AEC8FDD00BC2638 /* icon_270.png in Resources */,
				27BD0E861AECBDCF00BC2638 /* flower.jpg in Resources */,
				27A228501AEF572700D4322F /* launch320x568.png in Resources */,
				2702A3461A66C3D200F36A85 /* LaunchScreen.xib in Resources */,
				27EA3ACD1AE95B1E00D06AEE /* BalanceView.xib in Resources */,
				275583741AEE881D000A22ED /* launch750x1334.png in Resources */,
				F14B9D121AEEFFD400EE8963 /* launch640x960.png in Resources */,
				2702A3431A66C3D200F36A85 /* Images.xcassets in Resources */,
				F14B9CB01AEEC2D600EE8963 /* launch640x1136.png in Resources */,
				27BD0E8C1AECCB5500BC2638 /* icon@2x.png in Resources */,
				275583701AEE881D000A22ED /* Icon-76@2x.png in Resources */,
			);
			runOnlyForDeploymentPostprocessing = 0;
		};
		2702A3491A66C3D200F36A85 /* Resources */ = {
			isa = PBXResourcesBuildPhase;
			buildActionMask = 2147483647;
			files = (
			);
			runOnlyForDeploymentPostprocessing = 0;
		};
/* End PBXResourcesBuildPhase section */

/* Begin PBXShellScriptBuildPhase section */
		1E05F932B49BC119FCDDAABF /* Copy Pods Resources */ = {
			isa = PBXShellScriptBuildPhase;
			buildActionMask = 2147483647;
			files = (
			);
			inputPaths = (
			);
			name = "Copy Pods Resources";
			outputPaths = (
			);
			runOnlyForDeploymentPostprocessing = 0;
			shellPath = /bin/sh;
			shellScript = "\"${SRCROOT}/Pods/Target Support Files/Pods/Pods-resources.sh\"\n";
			showEnvVarsInLog = 0;
		};
		AE7D1393CA14A7EFC00E80DA /* Check Pods Manifest.lock */ = {
			isa = PBXShellScriptBuildPhase;
			buildActionMask = 2147483647;
			files = (
			);
			inputPaths = (
			);
			name = "Check Pods Manifest.lock";
			outputPaths = (
			);
			runOnlyForDeploymentPostprocessing = 0;
			shellPath = /bin/sh;
			shellScript = "diff \"${PODS_ROOT}/../Podfile.lock\" \"${PODS_ROOT}/Manifest.lock\" > /dev/null\nif [[ $? != 0 ]] ; then\n    cat << EOM\nerror: The sandbox is not in sync with the Podfile.lock. Run 'pod install' or update your CocoaPods installation.\nEOM\n    exit 1\nfi\n";
			showEnvVarsInLog = 0;
		};
/* End PBXShellScriptBuildPhase section */

/* Begin PBXSourcesBuildPhase section */
		2702A32B1A66C3D200F36A85 /* Sources */ = {
			isa = PBXSourcesBuildPhase;
			buildActionMask = 2147483647;
			files = (
				27392EDC1A67F173000FE533 /* Vultr.m in Sources */,
				27BD0E731AEC6A9200BC2638 /* ServerDetailsTableViewController.m in Sources */,
				27BD0E5F1AEA0F2C00BC2638 /* DataModel.xcdatamodeld in Sources */,
				27E556D11A67F6F000B504B2 /* Account.m in Sources */,
				27BD0E761AEC6D8B00BC2638 /* SignInViewController.m in Sources */,
				27BD0E661AEBE76400BC2638 /* AccountRepository.m in Sources */,
				27BD0E6A1AEBE79700BC2638 /* Repository.m in Sources */,
				2754070A1A7A811A00EED5FD /* Server.m in Sources */,
				2702A3381A66C3D200F36A85 /* AppDelegate.m in Sources */,
				27EA3AD11AE95BEC00D06AEE /* BalanceView.m in Sources */,
				27BD0E621AEBE12C00BC2638 /* ServerRepository.m in Sources */,
				27E556D61A67F8C800B504B2 /* AccountTableViewController.m in Sources */,
				27BD0E7C1AEC7F2C00BC2638 /* PreferencesTableViewController.m in Sources */,
				2702A3351A66C3D200F36A85 /* main.m in Sources */,
			);
			runOnlyForDeploymentPostprocessing = 0;
		};
		2702A3471A66C3D200F36A85 /* Sources */ = {
			isa = PBXSourcesBuildPhase;
			buildActionMask = 2147483647;
			files = (
				2702A3521A66C3D200F36A85 /* myVultrTests.m in Sources */,
			);
			runOnlyForDeploymentPostprocessing = 0;
		};
/* End PBXSourcesBuildPhase section */

/* Begin PBXTargetDependency section */
		2702A34D1A66C3D200F36A85 /* PBXTargetDependency */ = {
			isa = PBXTargetDependency;
			target = 2702A32E1A66C3D200F36A85 /* myVultr */;
			targetProxy = 2702A34C1A66C3D200F36A85 /* PBXContainerItemProxy */;
		};
/* End PBXTargetDependency section */

/* Begin PBXVariantGroup section */
		2702A33F1A66C3D200F36A85 /* Main.storyboard */ = {
			isa = PBXVariantGroup;
			children = (
				2702A3401A66C3D200F36A85 /* Base */,
			);
			name = Main.storyboard;
			sourceTree = "<group>";
		};
		2702A3441A66C3D200F36A85 /* LaunchScreen.xib */ = {
			isa = PBXVariantGroup;
			children = (
				2702A3451A66C3D200F36A85 /* Base */,
			);
			name = LaunchScreen.xib;
			sourceTree = "<group>";
		};
/* End PBXVariantGroup section */

/* Begin XCBuildConfiguration section */
		2702A3531A66C3D200F36A85 /* Debug */ = {
			isa = XCBuildConfiguration;
			buildSettings = {
				ALWAYS_SEARCH_USER_PATHS = NO;
				CLANG_CXX_LANGUAGE_STANDARD = "gnu++0x";
				CLANG_CXX_LIBRARY = "libc++";
				CLANG_ENABLE_MODULES = YES;
				CLANG_ENABLE_OBJC_ARC = YES;
				CLANG_WARN_BOOL_CONVERSION = YES;
				CLANG_WARN_CONSTANT_CONVERSION = YES;
				CLANG_WARN_DIRECT_OBJC_ISA_USAGE = YES_ERROR;
				CLANG_WARN_EMPTY_BODY = YES;
				CLANG_WARN_ENUM_CONVERSION = YES;
				CLANG_WARN_INT_CONVERSION = YES;
				CLANG_WARN_OBJC_ROOT_CLASS = YES_ERROR;
				CLANG_WARN_UNREACHABLE_CODE = YES;
				CLANG_WARN__DUPLICATE_METHOD_MATCH = YES;
				"CODE_SIGN_IDENTITY[sdk=iphoneos*]" = "iPhone Developer";
				COPY_PHASE_STRIP = NO;
				ENABLE_STRICT_OBJC_MSGSEND = YES;
				GCC_C_LANGUAGE_STANDARD = gnu99;
				GCC_DYNAMIC_NO_PIC = NO;
				GCC_OPTIMIZATION_LEVEL = 0;
				GCC_PREPROCESSOR_DEFINITIONS = (
					"DEBUG=1",
					"$(inherited)",
				);
				GCC_SYMBOLS_PRIVATE_EXTERN = NO;
				GCC_WARN_64_TO_32_BIT_CONVERSION = YES;
				GCC_WARN_ABOUT_RETURN_TYPE = YES_ERROR;
				GCC_WARN_UNDECLARED_SELECTOR = YES;
				GCC_WARN_UNINITIALIZED_AUTOS = YES_AGGRESSIVE;
				GCC_WARN_UNUSED_FUNCTION = YES;
				GCC_WARN_UNUSED_VARIABLE = YES;
				IPHONEOS_DEPLOYMENT_TARGET = 8.1;
				MTL_ENABLE_DEBUG_INFO = YES;
				ONLY_ACTIVE_ARCH = YES;
				SDKROOT = iphoneos;
			};
			name = Debug;
		};
		2702A3541A66C3D200F36A85 /* Release */ = {
			isa = XCBuildConfiguration;
			buildSettings = {
				ALWAYS_SEARCH_USER_PATHS = NO;
				CLANG_CXX_LANGUAGE_STANDARD = "gnu++0x";
				CLANG_CXX_LIBRARY = "libc++";
				CLANG_ENABLE_MODULES = YES;
				CLANG_ENABLE_OBJC_ARC = YES;
				CLANG_WARN_BOOL_CONVERSION = YES;
				CLANG_WARN_CONSTANT_CONVERSION = YES;
				CLANG_WARN_DIRECT_OBJC_ISA_USAGE = YES_ERROR;
				CLANG_WARN_EMPTY_BODY = YES;
				CLANG_WARN_ENUM_CONVERSION = YES;
				CLANG_WARN_INT_CONVERSION = YES;
				CLANG_WARN_OBJC_ROOT_CLASS = YES_ERROR;
				CLANG_WARN_UNREACHABLE_CODE = YES;
				CLANG_WARN__DUPLICATE_METHOD_MATCH = YES;
				"CODE_SIGN_IDENTITY[sdk=iphoneos*]" = "iPhone Developer";
				COPY_PHASE_STRIP = YES;
				ENABLE_NS_ASSERTIONS = NO;
				ENABLE_STRICT_OBJC_MSGSEND = YES;
				GCC_C_LANGUAGE_STANDARD = gnu99;
				GCC_WARN_64_TO_32_BIT_CONVERSION = YES;
				GCC_WARN_ABOUT_RETURN_TYPE = YES_ERROR;
				GCC_WARN_UNDECLARED_SELECTOR = YES;
				GCC_WARN_UNINITIALIZED_AUTOS = YES_AGGRESSIVE;
				GCC_WARN_UNUSED_FUNCTION = YES;
				GCC_WARN_UNUSED_VARIABLE = YES;
				IPHONEOS_DEPLOYMENT_TARGET = 8.1;
				MTL_ENABLE_DEBUG_INFO = NO;
				SDKROOT = iphoneos;
				VALIDATE_PRODUCT = YES;
			};
			name = Release;
		};
		2702A3561A66C3D200F36A85 /* Debug */ = {
			isa = XCBuildConfiguration;
			baseConfigurationReference = 46CB5005AB58AC4B7F29F9B6 /* Pods.debug.xcconfig */;
			buildSettings = {
				ASSETCATALOG_COMPILER_APPICON_NAME = AppIcon;
				ASSETCATALOG_COMPILER_LAUNCHIMAGE_NAME = LaunchImage;
				INFOPLIST_FILE = myVultr/Info.plist;
				IPHONEOS_DEPLOYMENT_TARGET = 7.1;
				LD_RUNPATH_SEARCH_PATHS = "$(inherited) @executable_path/Frameworks";
				PRODUCT_NAME = "$(TARGET_NAME)";
			};
			name = Debug;
		};
		2702A3571A66C3D200F36A85 /* Release */ = {
			isa = XCBuildConfiguration;
			baseConfigurationReference = B1A96E54A0DCF2965D42D521 /* Pods.release.xcconfig */;
			buildSettings = {
				ASSETCATALOG_COMPILER_APPICON_NAME = AppIcon;
				ASSETCATALOG_COMPILER_LAUNCHIMAGE_NAME = LaunchImage;
				INFOPLIST_FILE = myVultr/Info.plist;
				IPHONEOS_DEPLOYMENT_TARGET = 7.1;
				LD_RUNPATH_SEARCH_PATHS = "$(inherited) @executable_path/Frameworks";
				PRODUCT_NAME = "$(TARGET_NAME)";
			};
			name = Release;
		};
		2702A3591A66C3D200F36A85 /* Debug */ = {
			isa = XCBuildConfiguration;
			buildSettings = {
				BUNDLE_LOADER = "$(TEST_HOST)";
				FRAMEWORK_SEARCH_PATHS = (
					"$(SDKROOT)/Developer/Library/Frameworks",
					"$(inherited)",
				);
				GCC_PREPROCESSOR_DEFINITIONS = (
					"DEBUG=1",
					"$(inherited)",
				);
				INFOPLIST_FILE = myVultrTests/Info.plist;
				LD_RUNPATH_SEARCH_PATHS = "$(inherited) @executable_path/Frameworks @loader_path/Frameworks";
				PRODUCT_NAME = "$(TARGET_NAME)";
				TEST_HOST = "$(BUILT_PRODUCTS_DIR)/myVultr.app/myVultr";
			};
			name = Debug;
		};
		2702A35A1A66C3D200F36A85 /* Release */ = {
			isa = XCBuildConfiguration;
			buildSettings = {
				BUNDLE_LOADER = "$(TEST_HOST)";
				FRAMEWORK_SEARCH_PATHS = (
					"$(SDKROOT)/Developer/Library/Frameworks",
					"$(inherited)",
				);
				INFOPLIST_FILE = myVultrTests/Info.plist;
				LD_RUNPATH_SEARCH_PATHS = "$(inherited) @executable_path/Frameworks @loader_path/Frameworks";
				PRODUCT_NAME = "$(TARGET_NAME)";
				TEST_HOST = "$(BUILT_PRODUCTS_DIR)/myVultr.app/myVultr";
			};
			name = Release;
		};
/* End XCBuildConfiguration section */

/* Begin XCConfigurationList section */
		2702A32A1A66C3D200F36A85 /* Build configuration list for PBXProject "myVultr" */ = {
			isa = XCConfigurationList;
			buildConfigurations = (
				2702A3531A66C3D200F36A85 /* Debug */,
				2702A3541A66C3D200F36A85 /* Release */,
			);
			defaultConfigurationIsVisible = 0;
			defaultConfigurationName = Release;
		};
		2702A3551A66C3D200F36A85 /* Build configuration list for PBXNativeTarget "myVultr" */ = {
			isa = XCConfigurationList;
			buildConfigurations = (
				2702A3561A66C3D200F36A85 /* Debug */,
				2702A3571A66C3D200F36A85 /* Release */,
			);
			defaultConfigurationIsVisible = 0;
			defaultConfigurationName = Release;
		};
		2702A3581A66C3D200F36A85 /* Build configuration list for PBXNativeTarget "myVultrTests" */ = {
			isa = XCConfigurationList;
			buildConfigurations = (
				2702A3591A66C3D200F36A85 /* Debug */,
				2702A35A1A66C3D200F36A85 /* Release */,
			);
			defaultConfigurationIsVisible = 0;
			defaultConfigurationName = Release;
		};
/* End XCConfigurationList section */

/* Begin XCVersionGroup section */
		27BD0E5D1AEA0F2C00BC2638 /* DataModel.xcdatamodeld */ = {
			isa = XCVersionGroup;
			children = (
				27BD0E5E1AEA0F2C00BC2638 /* DataModel.xcdatamodel */,
			);
			currentVersion = 27BD0E5E1AEA0F2C00BC2638 /* DataModel.xcdatamodel */;
			name = DataModel.xcdatamodeld;
			path = DateModels/DataModel.xcdatamodeld;
			sourceTree = "<group>";
			versionGroupType = wrapper.xcdatamodel;
		};
/* End XCVersionGroup section */
	};
	rootObject = 2702A3271A66C3D200F36A85 /* Project object */;
}
